
Microsoft Visual Studio Solution File, Format Version 12.00
# Visual Studio Version 17
VisualStudioVersion = 17.4.33006.217
MinimumVisualStudioVersion = 10.0.40219.1
Project("{2150E333-8FDC-42A3-9474-1A3956D46DE8}") = "Modules", "Modules", "{B5591EE8-EBD5-4CAD-9520-DFE43AD48D26}"
EndProject
Project("{2150E333-8FDC-42A3-9474-1A3956D46DE8}") = "Git", "Git", "{3C7063DB-5F03-4663-A306-2D3F6DAECC92}"
	ProjectSection(SolutionItems) = preProject
		.gitignore = .gitignore
		.gitmodules = .gitmodules
		LICENSE = LICENSE
		README.md = README.md
	EndProjectSection
EndProject
Project("{2150E333-8FDC-42A3-9474-1A3956D46DE8}") = "Workflow", "Workflow", "{F5588EDC-B18F-4AC7-8CE7-9A5BD7B99784}"
	ProjectSection(SolutionItems) = preProject
		.github\workflows\main_stryxus.yml = .github\workflows\main_stryxus.yml
	EndProjectSection
EndProject
Project("{2150E333-8FDC-42A3-9474-1A3956D46DE8}") = "Blazing", "Blazing", "{8B9BB341-010E-4237-9C58-D8E197EF0793}"
	ProjectSection(SolutionItems) = preProject
		Blazing.cmd = Blazing.cmd
	EndProjectSection
EndProject
Project("{9A19103F-16F7-4668-BE54-9A1E7A4F7556}") = "Blazing", "Modules\Blazing\Blazing\Blazing.csproj", "{EBCB15DC-A8D0-4585-AA5A-BA51DA38F6D5}"
EndProject
Project("{54A90642-561A-4BB1-A94E-469ADEE60C69}") = "Blazing.Webpack", "Modules\Blazing\Blazing.Webpack\Blazing.Webpack.esproj", "{8467E963-5CD8-44B9-AC82-6D6AEA0B7AC9}"
EndProject
Project("{9A19103F-16F7-4668-BE54-9A1E7A4F7556}") = "Stryxus.Website", "Stryxus.Website\Stryxus.Website.csproj", "{6556EB02-2491-444E-9E2A-73EE263FD7C6}"
EndProject
Global
	GlobalSection(SolutionConfigurationPlatforms) = preSolution
		Debug|x64 = Debug|x64
		Release|x64 = Release|x64
	EndGlobalSection
	GlobalSection(ProjectConfigurationPlatforms) = postSolution
		{EBCB15DC-A8D0-4585-AA5A-BA51DA38F6D5}.Debug|x64.ActiveCfg = Debug|x64
		{EBCB15DC-A8D0-4585-AA5A-BA51DA38F6D5}.Debug|x64.Build.0 = Debug|x64
		{EBCB15DC-A8D0-4585-AA5A-BA51DA38F6D5}.Release|x64.ActiveCfg = Release|x64
		{EBCB15DC-A8D0-4585-AA5A-BA51DA38F6D5}.Release|x64.Build.0 = Release|x64
		{8467E963-5CD8-44B9-AC82-6D6AEA0B7AC9}.Debug|x64.ActiveCfg = Debug|Any CPU
		{8467E963-5CD8-44B9-AC82-6D6AEA0B7AC9}.Release|x64.ActiveCfg = Release|Any CPU
		{6556EB02-2491-444E-9E2A-73EE263FD7C6}.Debug|x64.ActiveCfg = Debug|x64
		{6556EB02-2491-444E-9E2A-73EE263FD7C6}.Debug|x64.Build.0 = Debug|x64
		{6556EB02-2491-444E-9E2A-73EE263FD7C6}.Release|x64.ActiveCfg = Release|x64
		{6556EB02-2491-444E-9E2A-73EE263FD7C6}.Release|x64.Build.0 = Release|x64
	EndGlobalSection
	GlobalSection(SolutionProperties) = preSolution
		HideSolutionNode = FALSE
	EndGlobalSection
	GlobalSection(NestedProjects) = preSolution
		{F5588EDC-B18F-4AC7-8CE7-9A5BD7B99784} = {3C7063DB-5F03-4663-A306-2D3F6DAECC92}
		{8B9BB341-010E-4237-9C58-D8E197EF0793} = {B5591EE8-EBD5-4CAD-9520-DFE43AD48D26}
		{EBCB15DC-A8D0-4585-AA5A-BA51DA38F6D5} = {8B9BB341-010E-4237-9C58-D8E197EF0793}
		{8467E963-5CD8-44B9-AC82-6D6AEA0B7AC9} = {8B9BB341-010E-4237-9C58-D8E197EF0793}
	EndGlobalSection
	GlobalSection(ExtensibilityGlobals) = postSolution
		SolutionGuid = {687EFF39-46B7-470C-9C18-7B3FAB48556A}
	EndGlobalSection
EndGlobal
